{
    "_meta": {
        "hash": {
            "sha256": "292b828895a4a314da8795116586724d6ced8dc8f27300713994662149d07cec"
        },
        "pipfile-spec": 6,
        "requires": {
            "python_version": "3.14"
        },
        "sources": [
            {
                "name": "pypi",
                "url": "https://pypi.org/simple",
                "verify_ssl": true
            }
        ]
    },
    "default": {
        "linkify-it-py": {
            "hashes": [
                "sha256:0d252c1594ecba2ecedc444053db5d3a9b7ec1b0dd929c8f1d74dce89f86c05e",
                "sha256:43360231720999c10e9328dc3691160e27a718e280673d444c38d7d3aaa3b98b"
            ],
            "markers": "python_version >= '3.10'",
            "version": "==2.1.0"
        },
        "markdown-it-py": {
            "extras": [
                "linkify"
            ],
            "hashes": [
                "sha256:87327c59b172c5011896038353a81343b6754500a08cd7a4973bb48c6d578147",
                "sha256:cb0a2b4aa34f932c007117b194e945bd74e0ec24133ceb5bac59009cda1cb9f3"
            ],
            "markers": "python_version >= '3.10'",
            "version": "==4.0.0"
        },
        "mdit-py-plugins": {
            "hashes": [
                "sha256:07a08422fc1936a5d26d146759e9155ea466e842f5ab2f7d2266dd084c8dab1f",
                "sha256:f4918cb50119f50446560513a8e311d574ff6aaed72606ddae6d35716fe809c6"
            ],
            "markers": "python_version >= '3.10'",
            "version": "==0.5.0"
        },
        "mdurl": {
            "hashes": [
                "sha256:84008a41e51615a49fc9966191ff91509e3c40b939176e643fd50a5c2196b8f8",
                "sha256:bb413d29f5eea38f31dd4754dd7377d4465116fb207585f97bf925588687c1ba"
            ],
            "markers": "python_version >= '3.7'",
            "version": "==0.1.2"
        },
        "mysql-connector-python": {
            "hashes": [
                "sha256:011931f7392a1087e10d305b0303f2a20cc1af2c1c8a15cd5691609aa95dfcbd",
                "sha256:0fa18ead33cb699ea92005695077cef09aa494eebf51164ee30c891c3eaea90c",
                "sha256:1ed4b5c4761e5333035293e746683890e4ef2e818e515d14023fd80293bc31fa",
                "sha256:228000bb951810dad724821d04000174ffcc7fa94b4dcef884b17a3cdae07283",
                "sha256:3460ed976e1b88b7284335d9397a3c519dff56d71580ca1f76ff1c0c7714c813",
                "sha256:44b0fb57207ebc6ae05b5b21b7968a9ed33b29187fe87b38951bad2a334d75d5",
                "sha256:4617ef5216da7ca32dd46afda61a1552807762434127413bba46fbe4379f59d4",
                "sha256:477e86182aefbf693b71ff8bda7679ab4487af64c027759af831a70080aaaeac",
                "sha256:478e035ebcf734b3a1497bfd3eb72ce3632da6384545b08cf6329471b3849b6e",
                "sha256:4ae4e7780fad950a4f267dea5851048d160f5b71314a342cdbf30b154f1c74f7",
                "sha256:4bf932724a2702d8b9cde4bf764b843a35e85c59479a870997d37a2a68a5632d",
                "sha256:5095758dcb89a6bce2379f349da336c268c407129002b595c5dba82ce387e2a5",
                "sha256:61deca6e243fafbb3cf08ae27bd0c83d0f8188de8456e46aeba0d3db15bb7230",
                "sha256:8732ca0b7417b45238bcbfc7e64d9c4d62c759672207c6284f0921c366efddc7",
                "sha256:8d3e9252384e1b7f95b07020664f2673d9c29c5e95eeda2e048b3331e190b9d4",
                "sha256:9664e217c72dd6fb700f4c8512af90261f72d2f5d7c00c4e13e4c1e09bfa3d5e",
                "sha256:a08c2149d4b52a010c4353f18c84716d18114a4ecd00b466ea34138de2c640f2",
                "sha256:a26490cb029bf7b18a1d2093101105b3526a1036b51ad01553d30138f5beb8d2",
                "sha256:adabbc5e1475cdf5fb6f1902a25edc3bd1e0726fa45f01ab1b8f479ff43b3337",
                "sha256:b00228b985edd208b20f45c5e684c54e08e31e01bc1d8c3c18a36641c3be5bf7",
                "sha256:b507372c060eb39e2a10ebcb3eb1b12e1778b0120808062fc23e3856268cd2d9",
                "sha256:b5212372aff6833473d2560ac87d3df9fb2498d0faacb7ebf231d947175fa36a",
                "sha256:bc782f64ca00b6b933d4c6a35568f1349d115cc4434c849b5b9edc015bee3e62",
                "sha256:c180e0b4100d7402e03993bfac5c97d18e01d7ca9d198d742fffc245077f8ffe",
                "sha256:c453bb55347174d87504b534246fb10c589daf5d057515bf615627198a3c7ef1",
                "sha256:e2cc13cd3dcdb845d636e52c4e7a9509b63da09bec6ce1b3696be53a79847e2d",
                "sha256:e86e45a7b540ca09af8a18ecfa761e0cdeccfdb62818331614ec030ae44bfd26"
            ],
            "index": "pypi",
            "markers": "python_version >= '3.10'",
            "version": "==9.6.0"
        },
        "platformdirs": {
            "hashes": [
                "sha256:1ec356301b7dc906d83f371c8f487070e99d3ccf9e501686456394622a01a934",
                "sha256:68a9a4619a666ea6439f2ff250c12a853cd1cbd5158d258bd824a7df6be2f868"
            ],
            "markers": "python_version >= '3.10'",
            "version": "==4.9.4"
        },
        "pygments": {
            "hashes": [
                "sha256:636cb2477cec7f8952536970bc533bc43743542f70392ae026374600add5b887",
                "sha256:86540386c03d588bb81d44bc3928634ff26449851e99741617ecb9037ee5ec0b"
            ],
            "markers": "python_version >= '3.8'",
            "version": "==2.19.2"
        },
        "rich": {
            "hashes": [
                "sha256:793431c1f8619afa7d3b52b2cdec859562b950ea0d4b6b505397612db8d5362d",
                "sha256:b8daa0b9e4eef54dd8cf7c86c03713f53241884e814f4e2f5fb342fe520f639b"
            ],
            "markers": "python_full_version >= '3.8.0'",
            "version": "==14.3.3"
        },
        "textual": {
            "hashes": [
                "sha256:6712f96e335cd782e76193dee16b9c8875fe0699d923bc8d3f1228fd23e773a6",
                "sha256:eef0256a6131f06a20ad7576412138c1f30f92ddeedd055953c08d97044bc317"
            ],
            "index": "pypi",
            "markers": "python_version >= '3.9' and python_version < '4.0'",
            "version": "==8.1.1"
        },
        "typing-extensions": {
            "hashes": [
                "sha256:0cea48d173cc12fa28ecabc3b837ea3cf6f38c6d1136f85cbaaf598984861466",
                "sha256:f0fa19c6845758ab08074a0cfa8b7aecb71c999ca73d62883bc25cc018c4e548"
            ],
            "markers": "python_version >= '3.9'",
            "version": "==4.15.0"
        },
        "uc-micro-py": {
            "hashes": [
                "sha256:3603a3859af53e5a39bc7677713c78ea6589ff188d70f4fee165db88e22b242c",
                "sha256:c53691e495c8db60e16ffc4861a35469b0ba0821fe409a8a7a0a71864d33a811"
            ],
            "markers": "python_version >= '3.10'",
            "version": "==2.0.0"
        }
    },
    "develop": {}
}
